version = 1
revision = 3
requires-python = ">=3.8.10"
resolution-markers = [
    "(python_full_version >= '3.13' and platform_machine == 'aarch64' and platform_python_implementation == 'CPython' and sys_platform == 'linux') or (python_full_version >= '3.12' and platform_machine != 'aarch64' and sys_platform == 'linux') or (python_full_version >= '3.12' and platform_python_implementation != 'CPython' and sys_platform == 'linux') or (python_full_version >= '3.12' and sys_platform != 'darwin' and sys_platform != 'linux')",
    "(python_full_version >= '3.10' and python_full_version < '3.12' and platform_machine != 'aarch64' and sys_platform == 'linux') or (python_full_version >= '3.10' and python_full_version < '3.12' and platform_python_implementation != 'CPython' and sys_platform == 'linux') or (python_full_version >= '3.10' and python_full_version < '3.12' and sys_platform != 'darwin' and sys_platform != 'linux')",
    "(python_full_version == '3.9.*' and platform_machine != 'aarch64' and sys_platform == 'linux') or (python_full_version == '3.9.*' and platform_python_implementation != 'CPython' and sys_platform == 'linux') or (python_full_version == '3.9.*' and sys_platform != 'darwin' and sys_platform != 'linux')",
    "(python_full_version < '3.9' and platform_machine != 'aarch64' and sys_platform == 'linux') or (python_full_version < '3.9' and platform_python_implementation != 'CPython' and sys_platform == 'linux') or (python_full_version < '3.9' and sys_platform != 'darwin' and sys_platform != 'linux')",
    "python_full_version < '3.9' and platform_machine == 'aarch64' and platform_python_implementation == 'CPython' and sys_platform == 'linux'",
    "python_full_version == '3.12.*' and platform_machine == 'aarch64' and platform_python_implementation == 'CPython' and sys_platform == 'linux'",
    "python_full_version >= '3.10' and python_full_version < '3.12' and platform_machine == 'aarch64' and platform_python_implementation == 'CPython' and sys_platform == 'linux'",
    "python_full_version == '3.9.*' and platform_machine == 'aarch64' and platform_python_implementation == 'CPython' and sys_platform == 'linux'",
    "python_full_version >= '3.12' and sys_platform == 'darwin'",
    "python_full_version >= '3.10' and python_full_version < '3.12' and sys_platform == 'darwin'",
    "python_full_version == '3.9.*' and sys_platform == 'darwin'",
    "python_full_version < '3.9' and sys_platform == 'darwin'",
]

[[package]]
name = "filelock"
version = "3.13.1"
source = { registry = "https://download.pytorch.org/whl/cpu" }
resolution-markers = [
    "(python_full_version < '3.9' and platform_machine != 'aarch64' and sys_platform == 'linux') or (python_full_version < '3.9' and platform_python_implementation != 'CPython' and sys_platform == 'linux') or (python_full_version < '3.9' and sys_platform != 'darwin' and sys_platform != 'linux')",
    "python_full_version < '3.9' and platform_machine == 'aarch64' and platform_python_implementation == 'CPython' and sys_platform == 'linux'",
    "python_full_version < '3.9' and sys_platform == 'darwin'",
]
wheels = [
    { url = "https://download.pytorch.org/whl/filelock-3.13.1-py3-none-any.whl", hash = "sha256:57dbda9b35157b05fb3e58ee91448612eb674172fab98ee235ccb0b5bee19a1c" },
]

[[package]]
name = "filelock"
version = "3.19.1"
source = { registry = "https://download.pytorch.org/whl/cpu" }
resolution-markers = [
    "(python_full_version >= '3.13' and platform_machine == 'aarch64' and platform_python_implementation == 'CPython' and sys_platform == 'linux') or (python_full_version >= '3.12' and platform_machine != 'aarch64' and sys_platform == 'linux') or (python_full_version >= '3.12' and platform_python_implementation != 'CPython' and sys_platform == 'linux') or (python_full_version >= '3.12' and sys_platform != 'darwin' and sys_platform != 'linux')",
    "(python_full_version >= '3.10' and python_full_version < '3.12' and platform_machine != 'aarch64' and sys_platform == 'linux') or (python_full_version >= '3.10' and python_full_version < '3.12' and platform_python_implementation != 'CPython' and sys_platform == 'linux') or (python_full_version >= '3.10' and python_full_version < '3.12' and sys_platform != 'darwin' and sys_platform != 'linux')",
    "(python_full_version == '3.9.*' and platform_machine != 'aarch64' and sys_platform == 'linux') or (python_full_version == '3.9.*' and platform_python_implementation != 'CPython' and sys_platform == 'linux') or (python_full_version == '3.9.*' and sys_platform != 'darwin' and sys_platform != 'linux')",
    "python_full_version == '3.12.*' and platform_machine == 'aarch64' and platform_python_implementation == 'CPython' and sys_platform == 'linux'",
    "python_full_version >= '3.10' and python_full_version < '3.12' and platform_machine == 'aarch64' and platform_python_implementation == 'CPython' and sys_platform == 'linux'",
    "python_full_version == '3.9.*' and platform_machine == 'aarch64' and platform_python_implementation == 'CPython' and sys_platform == 'linux'",
    "python_full_version >= '3.12' and sys_platform == 'darwin'",
    "python_full_version >= '3.10' and python_full_version < '3.12' and sys_platform == 'darwin'",
    "python_full_version == '3.9.*' and sys_platform == 'darwin'",
]
wheels = [
    { url = "https://download.pytorch.org/whl/filelock-3.19.1-py3-none-any.whl" },
]

[[package]]
name = "fsspec"
version = "2024.6.1"
source = { registry = "https://download.pytorch.org/whl/cpu" }
resolution-markers = [
    "(python_full_version < '3.9' and platform_machine != 'aarch64' and sys_platform == 'linux') or (python_full_version < '3.9' and platform_python_implementation != 'CPython' and sys_platform == 'linux') or (python_full_version < '3.9' and sys_platform != 'darwin' and sys_platform != 'linux')",
    "python_full_version < '3.9' and platform_machine == 'aarch64' and platform_python_implementation == 'CPython' and sys_platform == 'linux'",
    "python_full_version < '3.9' and sys_platform == 'darwin'",
]
wheels = [
    { url = "https://download.pytorch.org/whl/fsspec-2024.6.1-py3-none-any.whl", hash = "sha256:3cb443f8bcd2efb31295a5b9fdb02aee81d8452c80d28f97a6d0959e6cee101e" },
]

[[package]]
name = "fsspec"
version = "2025.9.0"
source = { registry = "https://download.pytorch.org/whl/cpu" }
resolution-markers = [
    "(python_full_version >= '3.13' and platform_machine == 'aarch64' and platform_python_implementation == 'CPython' and sys_platform == 'linux') or (python_full_version >= '3.12' and platform_machine != 'aarch64' and sys_platform == 'linux') or (python_full_version >= '3.12' and platform_python_implementation != 'CPython' and sys_platform == 'linux') or (python_full_version >= '3.12' and sys_platform != 'darwin' and sys_platform != 'linux')",
    "(python_full_version >= '3.10' and python_full_version < '3.12' and platform_machine != 'aarch64' and sys_platform == 'linux') or (python_full_version >= '3.10' and python_full_version < '3.12' and platform_python_implementation != 'CPython' and sys_platform == 'linux') or (python_full_version >= '3.10' and python_full_version < '3.12' and sys_platform != 'darwin' and sys_platform != 'linux')",
    "(python_full_version == '3.9.*' and platform_machine != 'aarch64' and sys_platform == 'linux') or (python_full_version == '3.9.*' and platform_python_implementation != 'CPython' and sys_platform == 'linux') or (python_full_version == '3.9.*' and sys_platform != 'darwin' and sys_platform != 'linux')",
    "python_full_version == '3.12.*' and platform_machine == 'aarch64' and platform_python_implementation == 'CPython' and sys_platform == 'linux'",
    "python_full_version >= '3.10' and python_full_version < '3.12' and platform_machine == 'aarch64' and platform_python_implementation == 'CPython' and sys_platform == 'linux'",
    "python_full_version == '3.9.*' and platform_machine == 'aarch64' and platform_python_implementation == 'CPython' and sys_platform == 'linux'",
    "python_full_version >= '3.12' and sys_platform == 'darwin'",
    "python_full_version >= '3.10' and python_full_version < '3.12' and sys_platform == 'darwin'",
    "python_full_version == '3.9.*' and sys_platform == 'darwin'",
]
wheels = [
    { url = "https://download.pytorch.org/whl/fsspec-2025.9.0-py3-none-any.whl" },
]

[[package]]
name = "jinja2"
version = "3.1.6"
source = { registry = "https://download.pytorch.org/whl/cpu" }
dependencies = [
    { name = "markupsafe", version = "2.1.5", source = { registry = "https://download.pytorch.org/whl/cpu" }, marker = "python_full_version < '3.9'" },
    { name = "markupsafe", version = "3.0.2", source = { registry = "https://download.pytorch.org/whl/cpu" }, marker = "python_full_version >= '3.9'" },
]
wheels = [
    { url = "https://download.pytorch.org/whl/jinja2-3.1.6-py3-none-any.whl" },
]

[[package]]
name = "markupsafe"
version = "2.1.5"
source = { registry = "https://download.pytorch.org/whl/cpu" }
resolution-markers = [
    "(python_full_version < '3.9' and platform_machine != 'aarch64' and sys_platform == 'linux') or (python_full_version < '3.9' and platform_python_implementation != 'CPython' and sys_platform == 'linux') or (python_full_version < '3.9' and sys_platform != 'darwin' and sys_platform != 'linux')",
    "python_full_version < '3.9' and platform_machine == 'aarch64' and platform_python_implementation == 'CPython' and sys_platform == 'linux'",
    "python_full_version < '3.9' and sys_platform == 'darwin'",
]
sdist = { url = "https://download.pytorch.org/whl/MarkupSafe-2.1.5.tar.gz", hash = "sha256:d283d37a890ba4c1ae73ffadf8046435c76e7bc2247bbb63c00bd1a709c6544b" }
wheels = [
    { url = "https://download.pytorch.org/whl/MarkupSafe-2.1.5-cp310-cp310-macosx_10_9_universal2.whl", hash = "sha256:a17a92de5231666cfbe003f0e4b9b3a7ae3afb1ec2845aadc2bacc93ff85febc" },
    { url = "https://download.pytorch.org/whl/MarkupSafe-2.1.5-cp310-cp310-macosx_10_9_x86_64.whl", hash = "sha256:72b6be590cc35924b02c78ef34b467da4ba07e4e0f0454a2c5907f473fc50ce5" },
    { url = "https://download.pytorch.org/whl/MarkupSafe-2.1.5-cp310-cp310-manylinux_2_17_aarch64.manylinux2014_aarch64.whl", hash = "sha256:e61659ba32cf2cf1481e575d0462554625196a1f2fc06a1c777d3f48e8865d46" },
    { url = "https://download.pytorch.org/whl/MarkupSafe-2.1.5-cp310-cp310-manylinux_2_17_x86_64.manylinux2014_x86_64.whl", hash = "sha256:2174c595a0d73a3080ca3257b40096db99799265e1c27cc5a610743acd86d62f" },
    { url = "https://download.pytorch.org/whl/MarkupSafe-2.1.5-cp310-cp310-manylinux_2_5_i686.manylinux1_i686.manylinux_2_17_i686.manylinux2014_i686.whl", hash = "sha256:ae2ad8ae6ebee9d2d94b17fb62763125f3f374c25618198f40cbb8b525411900" },
    { url = "https://download.pytorch.org/whl/MarkupSafe-2.1.5-cp310-cp310-win_amd64.whl", hash = "sha256:bf50cd79a75d181c9181df03572cdce0fbb75cc353bc350712073108cba98de5" },
    { url = "https://download.pytorch.org/whl/MarkupSafe-2.1.5-cp311-cp311-macosx_10_9_universal2.whl", hash = "sha256:629ddd2ca402ae6dbedfceeba9c46d5f7b2a61d9749597d4307f943ef198fc1f" },
    { url = "https://download.pytorch.org/whl/MarkupSafe-2.1.5-cp311-cp311-macosx_10_9_x86_64.whl", hash = "sha256:5b7b716f97b52c5a14bffdf688f971b2d5ef4029127f1ad7a513973cfd818df2" },
    { url = "https://download.pytorch.org/whl/MarkupSafe-2.1.5-cp311-cp311-manylinux_2_17_aarch64.manylinux2014_aarch64.whl", hash = "sha256:6ec585f69cec0aa07d945b20805be741395e28ac1627333b1c5b0105962ffced" },
    { url = "https://download.pytorch.org/whl/MarkupSafe-2.1.5-cp311-cp311-manylinux_2_17_x86_64.manylinux2014_x86_64.whl", hash = "sha256:b91c037585eba9095565a3556f611e3cbfaa42ca1e865f7b8015fe5c7336d5a5" },
    { url = "https://download.pytorch.org/whl/MarkupSafe-2.1.5-cp311-cp311-manylinux_2_5_i686.manylinux1_i686.manylinux_2_17_i686.manylinux2014_i686.whl", hash = "sha256:7502934a33b54030eaf1194c21c692a534196063db72176b0c4028e140f8f32c" },
    { url = "https://download.pytorch.org/whl/MarkupSafe-2.1.5-cp311-cp311-win_amd64.whl", hash = "sha256:2b7c57a4dfc4f16f7142221afe5ba4e093e09e728ca65c51f5620c9aaeb9a617" },
    { url = "https://download.pytorch.org/whl/MarkupSafe-2.1.5-cp312-cp312-macosx_10_9_universal2.whl", hash = "sha256:8dec4936e9c3100156f8a2dc89c4b88d5c435175ff03413b443469c7c8c5f4d1" },
    { url = "https://download.pytorch.org/whl/MarkupSafe-2.1.5-cp312-cp312-macosx_10_9_x86_64.whl", hash = "sha256:3c6b973f22eb18a789b1460b4b91bf04ae3f0c4234a0a6aa6b0a92f6f7b951d4" },
    { url = "https://download.pytorch.org/whl/MarkupSafe-2.1.5-cp312-cp312-manylinux_2_17_aarch64.manylinux2014_aarch64.whl", hash = "sha256:ac07bad82163452a6884fe8fa0963fb98c2346ba78d779ec06bd7a6262132aee" },
    { url = "https://download.pytorch.org/whl/MarkupSafe-2.1.5-cp312-cp312-manylinux_2_17_x86_64.manylinux2014_x86_64.whl", hash = "sha256:f5dfb42c4604dddc8e4305050aa6deb084540643ed5804d7455b5df8fe16f5e5" },
    { url = "https://download.pytorch.org/whl/MarkupSafe-2.1.5-cp312-cp312-manylinux_2_5_i686.manylinux1_i686.manylinux_2_17_i686.manylinux2014_i686.whl", hash = "sha256:ea3d8a3d18833cf4304cd2fc9cbb1efe188ca9b5efef2bdac7adc20594a0e46b" },
    { url = "https://download.pytorch.org/whl/MarkupSafe-2.1.5-cp312-cp312-win_amd64.whl", hash = "sha256:823b65d8706e32ad2df51ed89496147a42a2a6e01c13cfb6ffb8b1e92bc910bb" },
    { url = "https://download.pytorch.org/whl/MarkupSafe-2.1.5-cp38-cp38-macosx_10_9_universal2.whl", hash = "sha256:656f7526c69fac7f600bd1f400991cc282b417d17539a1b228617081106feb4a" },
    { url = "https://download.pytorch.org/whl/MarkupSafe-2.1.5-cp38-cp38-macosx_10_9_x86_64.whl", hash = "sha256:97cafb1f3cbcd3fd2b6fbfb99ae11cdb14deea0736fc2b0952ee177f2b813a46" },
    { url = "https://download.pytorch.org/whl/MarkupSafe-2.1.5-cp38-cp38-manylinux_2_17_aarch64.manylinux2014_aarch64.whl", hash = "sha256:1f3fbcb7ef1f16e48246f704ab79d79da8a46891e2da03f8783a5b6fa41a9532" },
    { url = "https://download.pytorch.org/whl/MarkupSafe-2.1.5-cp38-cp38-manylinux_2_17_x86_64.manylinux2014_x86_64.whl", hash = "sha256:fa9db3f79de01457b03d4f01b34cf91bc0048eb2c3846ff26f66687c2f6d16ab" },
    { url = "https://download.pytorch.org/whl/MarkupSafe-2.1.5-cp38-cp38-manylinux_2_5_i686.manylinux1_i686.manylinux_2_17_i686.manylinux2014_i686.whl", hash = "sha256:ffee1f21e5ef0d712f9033568f8344d5da8cc2869dbd08d87c84656e6a2d2f68" },
    { url = "https://download.pytorch.org/whl/MarkupSafe-2.1.5-cp38-cp38-win_amd64.whl", hash = "sha256:619bc166c4f2de5caa5a633b8b7326fbe98e0ccbfacabd87268a2b15ff73a029" },
    { url = "https://download.pytorch.org/whl/MarkupSafe-2.1.5-cp39-cp39-macosx_10_9_universal2.whl", hash = "sha256:7a68b554d356a91cce1236aa7682dc01df0edba8d043fd1ce607c49dd3c1edcf" },
    { url = "https://download.pytorch.org/whl/MarkupSafe-2.1.5-cp39-cp39-macosx_10_9_x86_64.whl", hash = "sha256:db0b55e0f3cc0be60c1f19efdde9a637c32740486004f20d1cff53c3c0ece4d2" },
    { url = "https://download.pytorch.org/whl/MarkupSafe-2.1.5-cp39-cp39-manylinux_2_17_aarch64.manylinux2014_aarch64.whl", hash = "sha256:3e53af139f8579a6d5f7b76549125f0d94d7e630761a2111bc431fd820e163b8" },
    { url = "https://download.pytorch.org/whl/MarkupSafe-2.1.5-cp39-cp39-manylinux_2_17_x86_64.manylinux2014_x86_64.whl", hash = "sha256:17b950fccb810b3293638215058e432159d2b71005c74371d784862b7e4683f3" },
    { url = "https://download.pytorch.org/whl/MarkupSafe-2.1.5-cp39-cp39-manylinux_2_5_i686.manylinux1_i686.manylinux_2_17_i686.manylinux2014_i686.whl", hash = "sha256:4c31f53cdae6ecfa91a77820e8b151dba54ab528ba65dfd235c80b086d68a465" },
    { url = "https://download.pytorch.org/whl/MarkupSafe-2.1.5-cp39-cp39-win_amd64.whl", hash = "sha256:fa173ec60341d6bb97a89f5ea19c85c5643c1e7dedebc22f5181eb73573142c5" },
]

[[package]]
name = "markupsafe"
version = "3.0.2"
source = { registry = "https://download.pytorch.org/whl/cpu" }
resolution-markers = [
    "(python_full_version >= '3.13' and platform_machine == 'aarch64' and platform_python_implementation == 'CPython' and sys_platform == 'linux') or (python_full_version >= '3.12' and platform_machine != 'aarch64' and sys_platform == 'linux') or (python_full_version >= '3.12' and platform_python_implementation != 'CPython' and sys_platform == 'linux') or (python_full_version >= '3.12' and sys_platform != 'darwin' and sys_platform != 'linux')",
    "(python_full_version >= '3.10' and python_full_version < '3.12' and platform_machine != 'aarch64' and sys_platform == 'linux') or (python_full_version >= '3.10' and python_full_version < '3.12' and platform_python_implementation != 'CPython' and sys_platform == 'linux') or (python_full_version >= '3.10' and python_full_version < '3.12' and sys_platform != 'darwin' and sys_platform != 'linux')",
    "(python_full_version == '3.9.*' and platform_machine != 'aarch64' and sys_platform == 'linux') or (python_full_version == '3.9.*' and platform_python_implementation != 'CPython' and sys_platform == 'linux') or (python_full_version == '3.9.*' and sys_platform != 'darwin' and sys_platform != 'linux')",
    "python_full_version == '3.12.*' and platform_machine == 'aarch64' and platform_python_implementation == 'CPython' and sys_platform == 'linux'",
    "python_full_version >= '3.10' and python_full_version < '3.12' and platform_machine == 'aarch64' and platform_python_implementation == 'CPython' and sys_platform == 'linux'",
    "python_full_version == '3.9.*' and platform_machine == 'aarch64' and platform_python_implementation == 'CPython' and sys_platform == 'linux'",
    "python_full_version >= '3.12' and sys_platform == 'darwin'",
    "python_full_version >= '3.10' and python_full_version < '3.12' and sys_platform == 'darwin'",
    "python_full_version == '3.9.*' and sys_platform == 'darwin'",
]
wheels = [
    { url = "https://download.pytorch.org/whl/MarkupSafe-3.0.2-cp313-cp313-manylinux_2_17_x86_64.manylinux2014_x86_64.whl", hash = "sha256:15ab75ef81add55874e7ab7055e9c397312385bd9ced94920f2802310c930396" },
]

[[package]]
name = "moondream2-turtlebot3"
version = "0.1.0"
source = { virtual = "." }
dependencies = [
    { name = "torch", version = "2.4.1", source = { registry = "https://download.pytorch.org/whl/cpu" }, marker = "(python_full_version < '3.9' and platform_machine == 'aarch64' and platform_python_implementation == 'CPython' and sys_platform == 'linux') or (python_full_version < '3.9' and sys_platform == 'darwin')" },
    { name = "torch", version = "2.4.1+cpu", source = { registry = "https://download.pytorch.org/whl/cpu" }, marker = "(python_full_version < '3.9' and platform_machine != 'aarch64' and sys_platform == 'linux') or (python_full_version < '3.9' and platform_python_implementation != 'CPython' and sys_platform == 'linux') or (python_full_version < '3.9' and sys_platform != 'darwin' and sys_platform != 'linux')" },
    { name = "torch", version = "2.5.1", source = { registry = "https://download.pytorch.org/whl/cpu" }, marker = "(python_full_version >= '3.9' and python_full_version < '3.13' and platform_machine == 'aarch64' and platform_python_implementation == 'CPython' and sys_platform == 'linux') or (python_full_version >= '3.9' and sys_platform == 'darwin')" },
    { name = "torch", version = "2.5.1+cpu", source = { registry = "https://download.pytorch.org/whl/cpu" }, marker = "(python_full_version >= '3.13' and platform_machine == 'aarch64' and platform_python_implementation == 'CPython' and sys_platform == 'linux') or (python_full_version >= '3.9' and platform_machine != 'aarch64' and sys_platform == 'linux') or (python_full_version >= '3.9' and platform_python_implementation != 'CPython' and sys_platform == 'linux') or (python_full_version >= '3.9' and sys_platform != 'darwin' and sys_platform != 'linux')" },
]

[package.metadata]
requires-dist = [{ name = "torch", specifier = ">=2.4.1", index = "https://download.pytorch.org/whl/cpu" }]

[[package]]
name = "mpmath"
version = "1.3.0"
source = { registry = "https://download.pytorch.org/whl/cpu" }
wheels = [
    { url = "https://download.pytorch.org/whl/mpmath-1.3.0-py3-none-any.whl", hash = "sha256:a0b2b9fe80bbcd81a6647ff13108738cfb482d481d826cc0e02f5b35e5c88d2c" },
]

[[package]]
name = "networkx"
version = "3.0"
source = { registry = "https://download.pytorch.org/whl/cpu" }
resolution-markers = [
    "(python_full_version < '3.9' and platform_machine != 'aarch64' and sys_platform == 'linux') or (python_full_version < '3.9' and platform_python_implementation != 'CPython' and sys_platform == 'linux') or (python_full_version < '3.9' and sys_platform != 'darwin' and sys_platform != 'linux')",
    "python_full_version < '3.9' and platform_machine == 'aarch64' and platform_python_implementation == 'CPython' and sys_platform == 'linux'",
    "python_full_version < '3.9' and sys_platform == 'darwin'",
]
wheels = [
    { url = "https://download.pytorch.org/whl/networkx-3.0-py3-none-any.whl", hash = "sha256:58058d66b1818043527244fab9d41a51fcd7dcc271748015f3c181b8a90c8e2e" },
]

[[package]]
name = "networkx"
version = "3.2.1"
source = { registry = "https://download.pytorch.org/whl/cpu" }
resolution-markers = [
    "(python_full_version == '3.9.*' and platform_machine != 'aarch64' and sys_platform == 'linux') or (python_full_version == '3.9.*' and platform_python_implementation != 'CPython' and sys_platform == 'linux') or (python_full_version == '3.9.*' and sys_platform != 'darwin' and sys_platform != 'linux')",
    "python_full_version == '3.9.*' and platform_machine == 'aarch64' and platform_python_implementation == 'CPython' and sys_platform == 'linux'",
    "python_full_version == '3.9.*' and sys_platform == 'darwin'",
]
wheels = [
    { url = "https://download.pytorch.org/whl/networkx-3.2.1-py3-none-any.whl" },
]

[[package]]
name = "networkx"
version = "3.3"
source = { registry = "https://download.pytorch.org/whl/cpu" }
resolution-markers = [
    "(python_full_version >= '3.10' and python_full_version < '3.12' and platform_machine != 'aarch64' and sys_platform == 'linux') or (python_full_version >= '3.10' and python_full_version < '3.12' and platform_python_implementation != 'CPython' and sys_platform == 'linux') or (python_full_version >= '3.10' and python_full_version < '3.12' and sys_platform != 'darwin' and sys_platform != 'linux')",
    "python_full_version >= '3.10' and python_full_version < '3.12' and platform_machine == 'aarch64' and platform_python_implementation == 'CPython' and sys_platform == 'linux'",
    "python_full_version >= '3.10' and python_full_version < '3.12' and sys_platform == 'darwin'",
]
wheels = [
    { url = "https://download.pytorch.org/whl/networkx-3.3-py3-none-any.whl", hash = "sha256:28575580c6ebdaf4505b22c6256a2b9de86b316dc63ba9e93abde3d78dfdbcf2" },
]

[[package]]
name = "networkx"
version = "3.5"
source = { registry = "https://download.pytorch.org/whl/cpu" }
resolution-markers = [
    "(python_full_version >= '3.13' and platform_machine == 'aarch64' and platform_python_implementation == 'CPython' and sys_platform == 'linux') or (python_full_version >= '3.12' and platform_machine != 'aarch64' and sys_platform == 'linux') or (python_full_version >= '3.12' and platform_python_implementation != 'CPython' and sys_platform == 'linux') or (python_full_version >= '3.12' and sys_platform != 'darwin' and sys_platform != 'linux')",
    "python_full_version == '3.12.*' and platform_machine == 'aarch64' and platform_python_implementation == 'CPython' and sys_platform == 'linux'",
    "python_full_version >= '3.12' and sys_platform == 'darwin'",
]
wheels = [
    { url = "https://download.pytorch.org/whl/networkx-3.5-py3-none-any.whl" },
]

[[package]]
name = "setuptools"
version = "70.2.0"
source = { registry = "https://download.pytorch.org/whl/cpu" }
wheels = [
    { url = "https://download.pytorch.org/whl/setuptools-70.2.0-py3-none-any.whl", hash = "sha256:b8b8060bb426838fbe942479c90296ce976249451118ef566a5a0b7d8b78fb05" },
]

[[package]]
name = "sympy"
version = "1.13.1"
source = { registry = "https://download.pytorch.org/whl/cpu" }
dependencies = [
    { name = "mpmath" },
]
wheels = [
    { url = "https://download.pytorch.org/whl/sympy-1.13.1-py3-none-any.whl", hash = "sha256:db36cdc64bf61b9b24578b6f7bab1ecdd2452cf008f34faa33776680c26d66f8" },
]

[[package]]
name = "torch"
version = "2.4.1"
source = { registry = "https://download.pytorch.org/whl/cpu" }
resolution-markers = [
    "python_full_version < '3.9' and platform_machine == 'aarch64' and platform_python_implementation == 'CPython' and sys_platform == 'linux'",
    "python_full_version < '3.9' and sys_platform == 'darwin'",
]
dependencies = [
    { name = "filelock", version = "3.13.1", source = { registry = "https://download.pytorch.org/whl/cpu" }, marker = "(python_full_version < '3.9' and platform_machine == 'aarch64' and platform_python_implementation == 'CPython' and sys_platform == 'linux') or (python_full_version < '3.9' and sys_platform == 'darwin')" },
    { name = "fsspec", version = "2024.6.1", source = { registry = "https://download.pytorch.org/whl/cpu" }, marker = "(python_full_version < '3.9' and platform_machine == 'aarch64' and platform_python_implementation == 'CPython' and sys_platform == 'linux') or (python_full_version < '3.9' and sys_platform == 'darwin')" },
    { name = "jinja2", marker = "(python_full_version < '3.9' and platform_machine == 'aarch64' and platform_python_implementation == 'CPython' and sys_platform == 'linux') or (python_full_version < '3.9' and sys_platform == 'darwin')" },
    { name = "networkx", version = "3.0", source = { registry = "https://download.pytorch.org/whl/cpu" }, marker = "(python_full_version < '3.9' and platform_machine == 'aarch64' and platform_python_implementation == 'CPython' and sys_platform == 'linux') or (python_full_version < '3.9' and sys_platform == 'darwin')" },
    { name = "sympy", marker = "(python_full_version < '3.9' and platform_machine == 'aarch64' and platform_python_implementation == 'CPython' and sys_platform == 'linux') or (python_full_version < '3.9' and sys_platform == 'darwin')" },
    { name = "typing-extensions", version = "4.12.2", source = { registry = "https://download.pytorch.org/whl/cpu" }, marker = "(python_full_version < '3.9' and platform_machine == 'aarch64' and platform_python_implementation == 'CPython' and sys_platform == 'linux') or (python_full_version < '3.9' and sys_platform == 'darwin')" },
]
wheels = [
    { url = "https://download.pytorch.org/whl/cpu/torch-2.4.1-cp310-cp310-manylinux_2_17_aarch64.manylinux2014_aarch64.whl", hash = "sha256:fa27b048d32198cda6e9cff0bf768e8683d98743903b7e5d2b1f5098ded1d343" },
    { url = "https://download.pytorch.org/whl/cpu/torch-2.4.1-cp310-none-macosx_11_0_arm64.whl", hash = "sha256:d36a8ef100f5bff3e9c3cea934b9e0d7ea277cb8210c7152d34a9a6c5830eadd" },
    { url = "https://download.pytorch.org/whl/cpu/torch-2.4.1-cp311-cp311-manylinux_2_17_aarch64.manylinux2014_aarch64.whl", hash = "sha256:30be2844d0c939161a11073bfbaf645f1c7cb43f62f46cc6e4df1c119fb2a798" },
    { url = "https://download.pytorch.org/whl/cpu/torch-2.4.1-cp311-none-macosx_11_0_arm64.whl", hash = "sha256:ddddbd8b066e743934a4200b3d54267a46db02106876d21cf31f7da7a96f98ea" },
    { url = "https://download.pytorch.org/whl/cpu/torch-2.4.1-cp312-cp312-manylinux_2_17_aarch64.manylinux2014_aarch64.whl", hash = "sha256:36109432b10bd7163c9b30ce896f3c2cca1b86b9765f956a1594f0ff43091e2a" },
    { url = "https://download.pytorch.org/whl/cpu/torch-2.4.1-cp312-none-macosx_11_0_arm64.whl", hash = "sha256:72b484d5b6cec1a735bf3fa5a1c4883d01748698c5e9cfdbeb4ffab7c7987e0d" },
    { url = "https://download.pytorch.org/whl/cpu/torch-2.4.1-cp38-cp38-manylinux_2_17_aarch64.manylinux2014_aarch64.whl", hash = "sha256:56ad2a760b7a7882725a1eebf5657abbb3b5144eb26bcb47b52059357463c548" },
    { url = "https://download.pytorch.org/whl/cpu/torch-2.4.1-cp38-none-macosx_11_0_arm64.whl", hash = "sha256:5fc1d4d7ed265ef853579caf272686d1ed87cebdcd04f2a498f800ffc53dab71" },
    { url = "https://download.pytorch.org/whl/cpu/torch-2.4.1-cp39-cp39-manylinux_2_17_aarch64.manylinux2014_aarch64.whl", hash = "sha256:1495132f30f722af1a091950088baea383fe39903db06b20e6936fd99402803e" },
    { url = "https://download.pytorch.org/whl/cpu/torch-2.4.1-cp39-none-macosx_11_0_arm64.whl", hash = "sha256:a38de2803ee6050309aac032676536c3d3b6a9804248537e38e098d0e14817ec" },
]

[[package]]
name = "torch"
version = "2.4.1+cpu"
source = { registry = "https://download.pytorch.org/whl/cpu" }
resolution-markers = [
    "(python_full_version < '3.9' and platform_machine != 'aarch64' and sys_platform == 'linux') or (python_full_version < '3.9' and platform_python_implementation != 'CPython' and sys_platform == 'linux') or (python_full_version < '3.9' and sys_platform != 'darwin' and sys_platform != 'linux')",
]
dependencies = [
    { name = "filelock", version = "3.13.1", source = { registry = "https://download.pytorch.org/whl/cpu" }, marker = "(python_full_version < '3.9' and platform_machine != 'aarch64' and sys_platform == 'linux') or (python_full_version < '3.9' and platform_python_implementation != 'CPython' and sys_platform == 'linux') or (python_full_version < '3.9' and sys_platform != 'darwin' and sys_platform != 'linux')" },
    { name = "fsspec", version = "2024.6.1", source = { registry = "https://download.pytorch.org/whl/cpu" }, marker = "(python_full_version < '3.9' and platform_machine != 'aarch64' and sys_platform == 'linux') or (python_full_version < '3.9' and platform_python_implementation != 'CPython' and sys_platform == 'linux') or (python_full_version < '3.9' and sys_platform != 'darwin' and sys_platform != 'linux')" },
    { name = "jinja2", marker = "(python_full_version < '3.9' and platform_machine != 'aarch64' and sys_platform == 'linux') or (python_full_version < '3.9' and platform_python_implementation != 'CPython' and sys_platform == 'linux') or (python_full_version < '3.9' and sys_platform != 'darwin' and sys_platform != 'linux')" },
    { name = "networkx", version = "3.0", source = { registry = "https://download.pytorch.org/whl/cpu" }, marker = "(python_full_version < '3.9' and platform_machine != 'aarch64' and sys_platform == 'linux') or (python_full_version < '3.9' and platform_python_implementation != 'CPython' and sys_platform == 'linux') or (python_full_version < '3.9' and sys_platform != 'darwin' and sys_platform != 'linux')" },
    { name = "sympy", marker = "(python_full_version < '3.9' and platform_machine != 'aarch64' and sys_platform == 'linux') or (python_full_version < '3.9' and platform_python_implementation != 'CPython' and sys_platform == 'linux') or (python_full_version < '3.9' and sys_platform != 'darwin' and sys_platform != 'linux')" },
    { name = "typing-extensions", version = "4.12.2", source = { registry = "https://download.pytorch.org/whl/cpu" }, marker = "(python_full_version < '3.9' and platform_machine != 'aarch64' and sys_platform == 'linux') or (python_full_version < '3.9' and platform_python_implementation != 'CPython' and sys_platform == 'linux') or (python_full_version < '3.9' and sys_platform != 'darwin' and sys_platform != 'linux')" },
]
wheels = [
    { url = "https://download.pytorch.org/whl/cpu/torch-2.4.1%2Bcpu-cp310-cp310-linux_x86_64.whl", hash = "sha256:833490a28ac156762ed6adaa7c695879564fa2fd0dc51bcf3fdb2c7b47dc55e6" },
    { url = "https://download.pytorch.org/whl/cpu/torch-2.4.1%2Bcpu-cp310-cp310-win_amd64.whl", hash = "sha256:1dd062d296fb78aa7cfab8690bf03704995a821b5ef69cfc807af5c0831b4202" },
    { url = "https://download.pytorch.org/whl/cpu/torch-2.4.1%2Bcpu-cp311-cp311-linux_x86_64.whl", hash = "sha256:2b03e20f37557d211d14e3fb3f71709325336402db132a1e0dd8b47392185baf" },
    { url = "https://download.pytorch.org/whl/cpu/torch-2.4.1%2Bcpu-cp311-cp311-win_amd64.whl", hash = "sha256:76a6fe7b10491b650c630bc9ae328df40f79a948296b41d3b087b29a8a63cbad" },
    { url = "https://download.pytorch.org/whl/cpu/torch-2.4.1%2Bcpu-cp312-cp312-linux_x86_64.whl", hash = "sha256:8800deef0026011d502c0c256cc4b67d002347f63c3a38cd8e45f1f445c61364" },
    { url = "https://download.pytorch.org/whl/cpu/torch-2.4.1%2Bcpu-cp312-cp312-win_amd64.whl", hash = "sha256:3a570e5c553415cdbddfe679207327b3a3806b21c6adea14fba77684d1619e97" },
    { url = "https://download.pytorch.org/whl/cpu/torch-2.4.1%2Bcpu-cp38-cp38-linux_x86_64.whl", hash = "sha256:0c0a7cc4f7c74ff024d5a5e21230a01289b65346b27a626f6c815d94b4b8c955" },
    { url = "https://download.pytorch.org/whl/cpu/torch-2.4.1%2Bcpu-cp38-cp38-win_amd64.whl", hash = "sha256:330e780f478707478f797fdc82c2a96e9b8c5f60b6f1f57bb6ad1dd5b1e7e97e" },
    { url = "https://download.pytorch.org/whl/cpu/torch-2.4.1%2Bcpu-cp39-cp39-linux_x86_64.whl", hash = "sha256:3c99506980a2fb4b634008ccb758f42dd82f93ae2830c1e41f64536e310bf562" },
    { url = "https://download.pytorch.org/whl/cpu/torch-2.4.1%2Bcpu-cp39-cp39-win_amd64.whl", hash = "sha256:c4f2c3c026e876d4dad7629170ec14fff48c076d6c2ae0e354ab3fdc09024f00" },
]

[[package]]
name = "torch"
version = "2.5.1"
source = { registry = "https://download.pytorch.org/whl/cpu" }
resolution-markers = [
    "python_full_version == '3.12.*' and platform_machine == 'aarch64' and platform_python_implementation == 'CPython' and sys_platform == 'linux'",
    "python_full_version >= '3.10' and python_full_version < '3.12' and platform_machine == 'aarch64' and platform_python_implementation == 'CPython' and sys_platform == 'linux'",
    "python_full_version == '3.9.*' and platform_machine == 'aarch64' and platform_python_implementation == 'CPython' and sys_platform == 'linux'",
    "python_full_version >= '3.12' and sys_platform == 'darwin'",
    "python_full_version >= '3.10' and python_full_version < '3.12' and sys_platform == 'darwin'",
    "python_full_version == '3.9.*' and sys_platform == 'darwin'",
]
dependencies = [
    { name = "filelock", version = "3.19.1", source = { registry = "https://download.pytorch.org/whl/cpu" }, marker = "(python_full_version >= '3.9' and python_full_version < '3.13' and platform_machine == 'aarch64' and platform_python_implementation == 'CPython' and sys_platform == 'linux') or (python_full_version >= '3.9' and sys_platform == 'darwin')" },
    { name = "fsspec", version = "2025.9.0", source = { registry = "https://download.pytorch.org/whl/cpu" }, marker = "(python_full_version >= '3.9' and python_full_version < '3.13' and platform_machine == 'aarch64' and platform_python_implementation == 'CPython' and sys_platform == 'linux') or (python_full_version >= '3.9' and sys_platform == 'darwin')" },
    { name = "jinja2", marker = "(python_full_version >= '3.9' and python_full_version < '3.13' and platform_machine == 'aarch64' and platform_python_implementation == 'CPython' and sys_platform == 'linux') or (python_full_version >= '3.9' and sys_platform == 'darwin')" },
    { name = "networkx", version = "3.2.1", source = { registry = "https://download.pytorch.org/whl/cpu" }, marker = "(python_full_version == '3.9.*' and platform_machine == 'aarch64' and platform_python_implementation == 'CPython' and sys_platform == 'linux') or (python_full_version == '3.9.*' and sys_platform == 'darwin')" },
    { name = "networkx", version = "3.3", source = { registry = "https://download.pytorch.org/whl/cpu" }, marker = "(python_full_version >= '3.10' and python_full_version < '3.12' and platform_machine == 'aarch64' and platform_python_implementation == 'CPython' and sys_platform == 'linux') or (python_full_version >= '3.10' and python_full_version < '3.12' and sys_platform == 'darwin')" },
    { name = "networkx", version = "3.5", source = { registry = "https://download.pytorch.org/whl/cpu" }, marker = "(python_full_version == '3.12.*' and platform_machine == 'aarch64' and platform_python_implementation == 'CPython' and sys_platform == 'linux') or (python_full_version >= '3.12' and sys_platform == 'darwin')" },
    { name = "setuptools", marker = "(python_full_version == '3.12.*' and platform_machine == 'aarch64' and platform_python_implementation == 'CPython' and sys_platform == 'linux') or (python_full_version >= '3.12' and sys_platform == 'darwin')" },
    { name = "sympy", marker = "(python_full_version >= '3.9' and python_full_version < '3.13' and platform_machine == 'aarch64' and platform_python_implementation == 'CPython' and sys_platform == 'linux') or (python_full_version >= '3.9' and sys_platform == 'darwin')" },
    { name = "typing-extensions", version = "4.15.0", source = { registry = "https://download.pytorch.org/whl/cpu" }, marker = "(python_full_version >= '3.9' and python_full_version < '3.13' and platform_machine == 'aarch64' and platform_python_implementation == 'CPython' and sys_platform == 'linux') or (python_full_version >= '3.9' and sys_platform == 'darwin')" },
]
wheels = [
    { url = "https://download.pytorch.org/whl/cpu/torch-2.5.1-cp310-cp310-manylinux_2_17_aarch64.manylinux2014_aarch64.whl", hash = "sha256:269b10c34430aa8e9643dbe035dc525c4a9b1d671cd3dbc8ecbcaed280ae322d" },
    { url = "https://download.pytorch.org/whl/cpu/torch-2.5.1-cp310-none-macosx_11_0_arm64.whl", hash = "sha256:23d062bf70776a3d04dbe74db950db2a5245e1ba4f27208a87f0d743b0d06e86" },
    { url = "https://download.pytorch.org/whl/cpu/torch-2.5.1-cp311-cp311-manylinux_2_17_aarch64.manylinux2014_aarch64.whl", hash = "sha256:d5b3203f191bc40783c99488d2e776dcf93ac431a59491d627a1ca5b3ae20b22" },
    { url = "https://download.pytorch.org/whl/cpu/torch-2.5.1-cp311-none-macosx_11_0_arm64.whl", hash = "sha256:31f8c39660962f9ae4eeec995e3049b5492eb7360dd4f07377658ef4d728fa4c" },
    { url = "https://download.pytorch.org/whl/cpu/torch-2.5.1-cp312-cp312-manylinux_2_17_aarch64.manylinux2014_aarch64.whl", hash = "sha256:36d1be99281b6f602d9639bd0af3ee0006e7aab16f6718d86f709d395b6f262c" },
    { url = "https://download.pytorch.org/whl/cpu/torch-2.5.1-cp312-none-macosx_11_0_arm64.whl", hash = "sha256:8c712df61101964eb11910a846514011f0b6f5920c55dbf567bff8a34163d5b1" },
    { url = "https://download.pytorch.org/whl/cpu/torch-2.5.1-cp39-cp39-manylinux_2_17_aarch64.manylinux2014_aarch64.whl", hash = "sha256:c74f73da179fa7eaa2167ab0b493f267ae481a6c007249e2674cbd0baf4a5cc1" },
    { url = "https://download.pytorch.org/whl/cpu/torch-2.5.1-cp39-none-macosx_11_0_arm64.whl", hash = "sha256:8046768b7f6d35b85d101b4b38cba8aa2f3cd51952bc4c06a49580f2ce682291" },
]

[[package]]
name = "torch"
version = "2.5.1+cpu"
source = { registry = "https://download.pytorch.org/whl/cpu" }
resolution-markers = [
    "(python_full_version >= '3.13' and platform_machine == 'aarch64' and platform_python_implementation == 'CPython' and sys_platform == 'linux') or (python_full_version >= '3.12' and platform_machine != 'aarch64' and sys_platform == 'linux') or (python_full_version >= '3.12' and platform_python_implementation != 'CPython' and sys_platform == 'linux') or (python_full_version >= '3.12' and sys_platform != 'darwin' and sys_platform != 'linux')",
    "(python_full_version >= '3.10' and python_full_version < '3.12' and platform_machine != 'aarch64' and sys_platform == 'linux') or (python_full_version >= '3.10' and python_full_version < '3.12' and platform_python_implementation != 'CPython' and sys_platform == 'linux') or (python_full_version >= '3.10' and python_full_version < '3.12' and sys_platform != 'darwin' and sys_platform != 'linux')",
    "(python_full_version == '3.9.*' and platform_machine != 'aarch64' and sys_platform == 'linux') or (python_full_version == '3.9.*' and platform_python_implementation != 'CPython' and sys_platform == 'linux') or (python_full_version == '3.9.*' and sys_platform != 'darwin' and sys_platform != 'linux')",
]
dependencies = [
    { name = "filelock", version = "3.19.1", source = { registry = "https://download.pytorch.org/whl/cpu" }, marker = "(python_full_version >= '3.13' and platform_machine == 'aarch64' and platform_python_implementation == 'CPython' and sys_platform == 'linux') or (python_full_version >= '3.9' and platform_machine != 'aarch64' and sys_platform == 'linux') or (python_full_version >= '3.9' and platform_python_implementation != 'CPython' and sys_platform == 'linux') or (python_full_version >= '3.9' and sys_platform != 'darwin' and sys_platform != 'linux')" },
    { name = "fsspec", version = "2025.9.0", source = { registry = "https://download.pytorch.org/whl/cpu" }, marker = "(python_full_version >= '3.13' and platform_machine == 'aarch64' and platform_python_implementation == 'CPython' and sys_platform == 'linux') or (python_full_version >= '3.9' and platform_machine != 'aarch64' and sys_platform == 'linux') or (python_full_version >= '3.9' and platform_python_implementation != 'CPython' and sys_platform == 'linux') or (python_full_version >= '3.9' and sys_platform != 'darwin' and sys_platform != 'linux')" },
    { name = "jinja2", marker = "(python_full_version >= '3.13' and platform_machine == 'aarch64' and platform_python_implementation == 'CPython' and sys_platform == 'linux') or (python_full_version >= '3.9' and platform_machine != 'aarch64' and sys_platform == 'linux') or (python_full_version >= '3.9' and platform_python_implementation != 'CPython' and sys_platform == 'linux') or (python_full_version >= '3.9' and sys_platform != 'darwin' and sys_platform != 'linux')" },
    { name = "networkx", version = "3.2.1", source = { registry = "https://download.pytorch.org/whl/cpu" }, marker = "(python_full_version == '3.9.*' and platform_machine != 'aarch64' and sys_platform == 'linux') or (python_full_version == '3.9.*' and platform_python_implementation != 'CPython' and sys_platform == 'linux') or (python_full_version == '3.9.*' and sys_platform != 'darwin' and sys_platform != 'linux')" },
    { name = "networkx", version = "3.3", source = { registry = "https://download.pytorch.org/whl/cpu" }, marker = "(python_full_version >= '3.10' and python_full_version < '3.12' and platform_machine != 'aarch64' and sys_platform == 'linux') or (python_full_version >= '3.10' and python_full_version < '3.12' and platform_python_implementation != 'CPython' and sys_platform == 'linux') or (python_full_version >= '3.10' and python_full_version < '3.12' and sys_platform != 'darwin' and sys_platform != 'linux')" },
    { name = "networkx", version = "3.5", source = { registry = "https://download.pytorch.org/whl/cpu" }, marker = "(python_full_version >= '3.13' and platform_machine == 'aarch64' and platform_python_implementation == 'CPython' and sys_platform == 'linux') or (python_full_version >= '3.12' and platform_machine != 'aarch64' and sys_platform == 'linux') or (python_full_version >= '3.12' and platform_python_implementation != 'CPython' and sys_platform == 'linux') or (python_full_version >= '3.12' and sys_platform != 'darwin' and sys_platform != 'linux')" },
    { name = "setuptools", marker = "(python_full_version >= '3.13' and platform_machine == 'aarch64' and platform_python_implementation == 'CPython' and sys_platform == 'linux') or (python_full_version >= '3.12' and platform_machine != 'aarch64' and sys_platform == 'linux') or (python_full_version >= '3.12' and platform_python_implementation != 'CPython' and sys_platform == 'linux') or (python_full_version >= '3.12' and sys_platform != 'darwin' and sys_platform != 'linux')" },
    { name = "sympy", marker = "(python_full_version >= '3.13' and platform_machine == 'aarch64' and platform_python_implementation == 'CPython' and sys_platform == 'linux') or (python_full_version >= '3.9' and platform_machine != 'aarch64' and sys_platform == 'linux') or (python_full_version >= '3.9' and platform_python_implementation != 'CPython' and sys_platform == 'linux') or (python_full_version >= '3.9' and sys_platform != 'darwin' and sys_platform != 'linux')" },
    { name = "typing-extensions", version = "4.15.0", source = { registry = "https://download.pytorch.org/whl/cpu" }, marker = "(python_full_version >= '3.13' and platform_machine == 'aarch64' and platform_python_implementation == 'CPython' and sys_platform == 'linux') or (python_full_version >= '3.9' and platform_machine != 'aarch64' and sys_platform == 'linux') or (python_full_version >= '3.9' and platform_python_implementation != 'CPython' and sys_platform == 'linux') or (python_full_version >= '3.9' and sys_platform != 'darwin' and sys_platform != 'linux')" },
]
wheels = [
    { url = "https://download.pytorch.org/whl/cpu/torch-2.5.1%2Bcpu-cp310-cp310-linux_x86_64.whl", hash = "sha256:7f91a2200e352745d70e22396bd501448e28350fbdbd8d8b1c83037e25451150" },
    { url = "https://download.pytorch.org/whl/cpu/torch-2.5.1%2Bcpu-cp310-cp310-win_amd64.whl", hash = "sha256:df93157482b672892d29134d3fae9d38ba3219702faedd79f407eb36774c56ce" },
    { url = "https://download.pytorch.org/whl/cpu/torch-2.5.1%2Bcpu-cp311-cp311-linux_x86_64.whl", hash = "sha256:07d7c9e069123d5af08b0cf0013d74f680b2d8be7d9e2cf561a52c90c55d9409" },
    { url = "https://download.pytorch.org/whl/cpu/torch-2.5.1%2Bcpu-cp311-cp311-win_amd64.whl", hash = "sha256:81531d4d5ca74163dc9574b87396531e546a60cceb6253303c7db6a21e867fdf" },
    { url = "https://download.pytorch.org/whl/cpu/torch-2.5.1%2Bcpu-cp312-cp312-linux_x86_64.whl", hash = "sha256:4856f9d6925121d13c2df07aa7580b767f449dfe71ae5acde9c27535d5da4840" },
    { url = "https://download.pytorch.org/whl/cpu/torch-2.5.1%2Bcpu-cp312-cp312-win_amd64.whl", hash = "sha256:a6b720410350765d3d77c01a5ce098a6c45af446284e45e87a98b8a16e7d564d" },
    { url = "https://download.pytorch.org/whl/cpu/torch-2.5.1%2Bcpu-cp313-cp313-linux_x86_64.whl", hash = "sha256:5dbbdf83caa90d0bcaa50e4933ca424889133b35226db79000877d4ec5d9ea37" },
    { url = "https://download.pytorch.org/whl/cpu/torch-2.5.1%2Bcpu-cp39-cp39-linux_x86_64.whl", hash = "sha256:a3ad26468abc5ee601aba49ff02f72387ae734b0900aa589b890c80d72b7b26b" },
    { url = "https://download.pytorch.org/whl/cpu/torch-2.5.1%2Bcpu-cp39-cp39-win_amd64.whl", hash = "sha256:2ebd0b6135dc60b96ce51349c92c9757b2b9634a6b90045dfab3eb4921a4d62f" },
]

[[package]]
name = "typing-extensions"
version = "4.12.2"
source = { registry = "https://download.pytorch.org/whl/cpu" }
resolution-markers = [
    "(python_full_version < '3.9' and platform_machine != 'aarch64' and sys_platform == 'linux') or (python_full_version < '3.9' and platform_python_implementation != 'CPython' and sys_platform == 'linux') or (python_full_version < '3.9' and sys_platform != 'darwin' and sys_platform != 'linux')",
    "python_full_version < '3.9' and platform_machine == 'aarch64' and platform_python_implementation == 'CPython' and sys_platform == 'linux'",
    "python_full_version < '3.9' and sys_platform == 'darwin'",
]
wheels = [
    { url = "https://download.pytorch.org/whl/typing_extensions-4.12.2-py3-none-any.whl" },
]

[[package]]
name = "typing-extensions"
version = "4.15.0"
source = { registry = "https://download.pytorch.org/whl/cpu" }
resolution-markers = [
    "(python_full_version >= '3.13' and platform_machine == 'aarch64' and platform_python_implementation == 'CPython' and sys_platform == 'linux') or (python_full_version >= '3.12' and platform_machine != 'aarch64' and sys_platform == 'linux') or (python_full_version >= '3.12' and platform_python_implementation != 'CPython' and sys_platform == 'linux') or (python_full_version >= '3.12' and sys_platform != 'darwin' and sys_platform != 'linux')",
    "(python_full_version >= '3.10' and python_full_version < '3.12' and platform_machine != 'aarch64' and sys_platform == 'linux') or (python_full_version >= '3.10' and python_full_version < '3.12' and platform_python_implementation != 'CPython' and sys_platform == 'linux') or (python_full_version >= '3.10' and python_full_version < '3.12' and sys_platform != 'darwin' and sys_platform != 'linux')",
    "(python_full_version == '3.9.*' and platform_machine != 'aarch64' and sys_platform == 'linux') or (python_full_version == '3.9.*' and platform_python_implementation != 'CPython' and sys_platform == 'linux') or (python_full_version == '3.9.*' and sys_platform != 'darwin' and sys_platform != 'linux')",
    "python_full_version == '3.12.*' and platform_machine == 'aarch64' and platform_python_implementation == 'CPython' and sys_platform == 'linux'",
    "python_full_version >= '3.10' and python_full_version < '3.12' and platform_machine == 'aarch64' and platform_python_implementation == 'CPython' and sys_platform == 'linux'",
    "python_full_version == '3.9.*' and platform_machine == 'aarch64' and platform_python_implementation == 'CPython' and sys_platform == 'linux'",
    "python_full_version >= '3.12' and sys_platform == 'darwin'",
    "python_full_version >= '3.10' and python_full_version < '3.12' and sys_platform == 'darwin'",
    "python_full_version == '3.9.*' and sys_platform == 'darwin'",
]
wheels = [
    { url = "https://download.pytorch.org/whl/typing_extensions-4.15.0-py3-none-any.whl" },
]
